
Microsoft Visual Studio Solution File, Format Version 12.00
# Visual Studio Version 16
VisualStudioVersion = 16.0.31729.503
MinimumVisualStudioVersion = 10.0.40219.1
Project("{FAE04EC0-301F-11D3-BF4B-00C04F79EFBC}") = "AmazingProject", "AmazingProject\AmazingProject.csproj", "{F3594EE2-B5D7-4003-897D-4FE79B53ACB7}"
EndProject
Global
	GlobalSection(SolutionConfigurationPlatforms) = preSolution
		Debug|Any CPU = Debug|Any CPU
		Release|Any CPU = Release|Any CPU
	EndGlobalSection
	GlobalSection(ProjectConfigurationPlatforms) = postSolution
		{F3594EE2-B5D7-4003-897D-4FE79B53ACB7}.Debug|Any CPU.ActiveCfg = Debug|Any CPU
		{F3594EE2-B5D7-4003-897D-4FE79B53ACB7}.Debug|Any CPU.Build.0 = Debug|Any CPU
		{F3594EE2-B5D7-4003-897D-4FE79B53ACB7}.Release|Any CPU.ActiveCfg = Release|Any CPU
		{F3594EE2-B5D7-4003-897D-4FE79B53ACB7}.Release|Any CPU.Build.0 = Release|Any CPU
	EndGlobalSection
	GlobalSection(SolutionProperties) = preSolution
		HideSolutionNode = FALSE
	EndGlobalSection
	GlobalSection(ExtensibilityGlobals) = postSolution
		SolutionGuid = {405031E3-E19E-4615-AD18-AF755EAB30A3}
	EndGlobalSection
EndGlobal
